{
  "nodes": {
    "flake-compat": {
      "flake": false,
      "locked": {
        "lastModified": 1777699697,
        "narHash": "sha256-Eg9b/rq/ECYwNwEXs5i9wHyhxNI0JrYx2srdI2uZMaQ=",
        "ref": "refs/heads/main",
        "rev": "382052b74656a369c5408822af3f2501e9b1af81",
        "revCount": 94,
        "type": "git",
        "url": "https://git.lix.systems/lix-project/flake-compat.git"
      },
      "original": {
        "type": "git",
        "url": "https://git.lix.systems/lix-project/flake-compat.git"
      }
    },
    "home-manager": {
      "inputs": {
        "nixpkgs": [
          "nixpkgs"
        ]
      },
      "locked": {
        "lastModified": 1783740085,
        "narHash": "sha256-qajyHfZY29G2oEQk+uHxmsJcRoBUBXP9maTpFlwP/dI=",
        "owner": "nix-community",
        "repo": "home-manager",
        "rev": "3cd22efe6471dc7365c822bd9ad73a21e55f38fb",
        "type": "github"
      },
      "original": {
        "owner": "nix-community",
        "ref": "release-26.05",
        "repo": "home-manager",
        "type": "github"
      }
    },
    "mnw": {
      "locked": {
        "lastModified": 1780772958,
        "narHash": "sha256-VKKe8r4pwCGWZ3Yr9CPN129R4S3CKLSrlYqdYz3vKpM=",
        "owner": "Gerg-L",
        "repo": "mnw",
        "rev": "0871dbf63a53610c95db04439ed8ea4d6ec9c160",
        "type": "github"
      },
      "original": {
        "owner": "Gerg-L",
        "repo": "mnw",
        "type": "github"
      }
    },
    "nixpkgs": {
      "locked": {
        "lastModified": 1783856661,
        "narHash": "sha256-ZGP04e+Q6WyQJGA9ZvI5CL6+heGQldbAG9U1T9NGvmU=",
        "owner": "NixOS",
        "repo": "nixpkgs",
        "rev": "569d578509928497eddc3fdbf94a799027050be4",
        "type": "github"
      },
      "original": {
        "owner": "NixOS",
        "ref": "nixos-26.05",
        "repo": "nixpkgs",
        "type": "github"
      }
    },
    "nixpkgs_2": {
      "locked": {
        "lastModified": 1783148766,
        "narHash": "sha256-H9+N+GFtsbVC8ZniHliChM7ndizxtqVZs6bnGOLM3WQ=",
        "rev": "a50de1b7d8a586adc18d2395c19de7d6058e6030",
        "type": "tarball",
        "url": "https://releases.nixos.org/nixos/26.05/nixos-26.05.4193.a50de1b7d8a5/nixexprs.tar.xz?lastModified=1783148766&rev=a50de1b7d8a586adc18d2395c19de7d6058e6030"
      },
      "original": {
        "type": "tarball",
        "url": "https://channels.nixos.org/nixos-26.05/nixexprs.tar.xz"
      }
    },
    "nvf": {
      "inputs": {
        "flake-compat": "flake-compat",
        "mnw": "mnw",
        "nixpkgs": "nixpkgs_2"
      },
      "locked": {
        "lastModified": 1784703826,
        "narHash": "sha256-YfZIcpd+bqApvv35t1HuxlyGWGo/doCSxv9kgz/lQHA=",
        "owner": "notashelf",
        "repo": "nvf",
        "rev": "0015a23ce7ce0ac59b08245a0010de690fb7fe81",
        "type": "github"
      },
      "original": {
        "owner": "notashelf",
        "repo": "nvf",
        "type": "github"
      }
    },
    "nvim-config": {
      "flake": false,
      "locked": {
        "lastModified": 1783663909,
        "narHash": "sha256-weQcdgQukExc1JaoKtNw22MQ6k97NiLNYsxN4FxApT4=",
        "owner": "yousefosm25",
        "repo": "nvim-config",
        "rev": "e49ac96de039aa81a0bd94ddacfa93821f3e386f",
        "type": "github"
      },
      "original": {
        "owner": "yousefosm25",
        "repo": "nvim-config",
        "type": "github"
      }
    },
    "root": {
      "inputs": {
        "home-manager": "home-manager",
        "nixpkgs": "nixpkgs",
        "nvf": "nvf",
        "nvim-config": "nvim-config",
        "zen-browser": "zen-browser"
      }
    },
    "zen-browser": {
      "inputs": {
        "nixpkgs": [
          "nixpkgs"
        ]
      },
      "locked": {
        "lastModified": 1784354557,
        "narHash": "sha256-z2XthIV/68GNghbqmaPVrShPIfMPwpZKTA47REKC5bA=",
        "owner": "youwen5",
        "repo": "zen-browser-flake",
        "rev": "239dc504b56eabcfc1dce945e7e22ca99694be89",
        "type": "github"
      },
      "original": {
        "owner": "youwen5",
        "repo": "zen-browser-flake",
        "type": "github"
      }
    }
  },
  "root": "root",
  "version": 7
}
